Microsoft Visual Studio Solution File, Format Version 12.00
# Visual Studio Version 17
VisualStudioVersion = 17.11.35208.52
MinimumVisualStudioVersion = 10.0.40219.1
Project("{FAE04EC0-301F-11D3-BF4B-00C04F79EFBC}") = "ToDosProject.AppHost", "ToDosProject.AppHost\ToDosProject.AppHost.csproj", "{AC149852-0122-450C-83C6-827AC8AF137A}"
EndProject
Project("{9A19103F-16F7-4668-BE54-9A1E7A4F7556}") = "ToDosProject.ServiceDefaults", "ToDosProject.ServiceDefaults\ToDosProject.ServiceDefaults.csproj", "{7F148955-741B-4397-88CC-03793B8F1B34}"
EndProject
Project("{9A19103F-16F7-4668-BE54-9A1E7A4F7556}") = "ToDosProject.ApiService", "ToDosProject.ApiService\ToDosProject.ApiService.csproj", "{FB0D507F-774C-49A3-935B-78363D864215}"
EndProject
Project("{9A19103F-16F7-4668-BE54-9A1E7A4F7556}") = "ToDosProject.Web", "ToDosProject.Web\ToDosProject.Web.csproj", "{E07CFF27-4CFF-4052-A8FC-8E6D9B316818}"
EndProject
Project("{9A19103F-16F7-4668-BE54-9A1E7A4F7556}") = "ToDosProject.Tests", "ToDosProject.Tests\ToDosProject.Tests.csproj", "{7C9BF2ED-A541-4302-AFD1-8DBC279ACC32}"
EndProject
Global
	GlobalSection(SolutionConfigurationPlatforms) = preSolution
		Debug|Any CPU = Debug|Any CPU
		Release|Any CPU = Release|Any CPU
	EndGlobalSection
	GlobalSection(ProjectConfigurationPlatforms) = postSolution
		{AC149852-0122-450C-83C6-827AC8AF137A}.Debug|Any CPU.ActiveCfg = Debug|Any CPU
		{AC149852-0122-450C-83C6-827AC8AF137A}.Debug|Any CPU.Build.0 = Debug|Any CPU
		{AC149852-0122-450C-83C6-827AC8AF137A}.Release|Any CPU.ActiveCfg = Release|Any CPU
		{AC149852-0122-450C-83C6-827AC8AF137A}.Release|Any CPU.Build.0 = Release|Any CPU
		{7F148955-741B-4397-88CC-03793B8F1B34}.Debug|Any CPU.ActiveCfg = Debug|Any CPU
		{7F148955-741B-4397-88CC-03793B8F1B34}.Debug|Any CPU.Build.0 = Debug|Any CPU
		{7F148955-741B-4397-88CC-03793B8F1B34}.Release|Any CPU.ActiveCfg = Release|Any CPU
		{7F148955-741B-4397-88CC-03793B8F1B34}.Release|Any CPU.Build.0 = Release|Any CPU
		{FB0D507F-774C-49A3-935B-78363D864215}.Debug|Any CPU.ActiveCfg = Debug|Any CPU
		{FB0D507F-774C-49A3-935B-78363D864215}.Debug|Any CPU.Build.0 = Debug|Any CPU
		{FB0D507F-774C-49A3-935B-78363D864215}.Release|Any CPU.ActiveCfg = Release|Any CPU
		{FB0D507F-774C-49A3-935B-78363D864215}.Release|Any CPU.Build.0 = Release|Any CPU
		{E07CFF27-4CFF-4052-A8FC-8E6D9B316818}.Debug|Any CPU.ActiveCfg = Debug|Any CPU
		{E07CFF27-4CFF-4052-A8FC-8E6D9B316818}.Debug|Any CPU.Build.0 = Debug|Any CPU
		{E07CFF27-4CFF-4052-A8FC-8E6D9B316818}.Release|Any CPU.ActiveCfg = Release|Any CPU
		{E07CFF27-4CFF-4052-A8FC-8E6D9B316818}.Release|Any CPU.Build.0 = Release|Any CPU
		{7C9BF2ED-A541-4302-AFD1-8DBC279ACC32}.Debug|Any CPU.ActiveCfg = Debug|Any CPU
		{7C9BF2ED-A541-4302-AFD1-8DBC279ACC32}.Debug|Any CPU.Build.0 = Debug|Any CPU
		{7C9BF2ED-A541-4302-AFD1-8DBC279ACC32}.Release|Any CPU.ActiveCfg = Release|Any CPU
		{7C9BF2ED-A541-4302-AFD1-8DBC279ACC32}.Release|Any CPU.Build.0 = Release|Any CPU
	EndGlobalSection
	GlobalSection(SolutionProperties) = preSolution
		HideSolutionNode = FALSE
	EndGlobalSection
	GlobalSection(ExtensibilityGlobals) = postSolution
		SolutionGuid = {8583B61D-2902-433B-8316-4E910D3C78B3}
	EndGlobalSection
EndGlobal
